
Microsoft Visual Studio Solution File, Format Version 12.00
# Visual Studio Version 17
VisualStudioVersion = 17.13.36105.23
MinimumVisualStudioVersion = 10.0.40219.1
Project("{FAE04EC0-301F-11D3-BF4B-00C04F79EFBC}") = "Cred.Demo", "Cred.Demo\Cred.Demo.csproj", "{EC9796F2-B147-4581-BF23-CDF8396250ED}"
EndProject
Project("{FAE04EC0-301F-11D3-BF4B-00C04F79EFBC}") = "Lambda.Demo", "Lambda.Demo\Lambda.Demo.csproj", "{A000D194-C51B-86F4-4456-BAB36ABF9ACF}"
EndProject
Project("{FAE04EC0-301F-11D3-BF4B-00C04F79EFBC}") = "S3.Demo.API", "S3.Demo.API\S3.Demo.API.csproj", "{E128E0B9-73B1-4603-AD73-591D2A8520EC}"
EndProject
Project("{FAE04EC0-301F-11D3-BF4B-00C04F79EFBC}") = "Gateway.Demo", "Gateway.Demo\Gateway.Demo.csproj", "{F9BD9314-FAD6-3421-BC80-E958A767C5AC}"
EndProject
Project("{FAE04EC0-301F-11D3-BF4B-00C04F79EFBC}") = "StudentManager", "StudentManager\StudentManager.csproj", "{894A9B7B-AF83-275E-117A-A6BC0040563E}"
EndProject
Project("{FAE04EC0-301F-11D3-BF4B-00C04F79EFBC}") = "OrderService", "OrderService\OrderService.csproj", "{D99B92AF-9E53-419B-8C42-EAD2C4A08658}"
EndProject
Project("{FAE04EC0-301F-11D3-BF4B-00C04F79EFBC}") = "SNSwithLambda", "SNSwithLambda\SNSwithLambda.csproj", "{7BCB3282-E9FF-4A63-F955-66C5A1620FFE}"
EndProject
Global
	GlobalSection(SolutionConfigurationPlatforms) = preSolution
		Debug|Any CPU = Debug|Any CPU
		Release|Any CPU = Release|Any CPU
	EndGlobalSection
	GlobalSection(ProjectConfigurationPlatforms) = postSolution
		{EC9796F2-B147-4581-BF23-CDF8396250ED}.Debug|Any CPU.ActiveCfg = Debug|Any CPU
		{EC9796F2-B147-4581-BF23-CDF8396250ED}.Debug|Any CPU.Build.0 = Debug|Any CPU
		{EC9796F2-B147-4581-BF23-CDF8396250ED}.Release|Any CPU.ActiveCfg = Release|Any CPU
		{EC9796F2-B147-4581-BF23-CDF8396250ED}.Release|Any CPU.Build.0 = Release|Any CPU
		{A000D194-C51B-86F4-4456-BAB36ABF9ACF}.Debug|Any CPU.ActiveCfg = Debug|Any CPU
		{A000D194-C51B-86F4-4456-BAB36ABF9ACF}.Debug|Any CPU.Build.0 = Debug|Any CPU
		{A000D194-C51B-86F4-4456-BAB36ABF9ACF}.Release|Any CPU.ActiveCfg = Release|Any CPU
		{A000D194-C51B-86F4-4456-BAB36ABF9ACF}.Release|Any CPU.Build.0 = Release|Any CPU
		{E128E0B9-73B1-4603-AD73-591D2A8520EC}.Debug|Any CPU.ActiveCfg = Debug|Any CPU
		{E128E0B9-73B1-4603-AD73-591D2A8520EC}.Debug|Any CPU.Build.0 = Debug|Any CPU
		{E128E0B9-73B1-4603-AD73-591D2A8520EC}.Release|Any CPU.ActiveCfg = Release|Any CPU
		{E128E0B9-73B1-4603-AD73-591D2A8520EC}.Release|Any CPU.Build.0 = Release|Any CPU
		{F9BD9314-FAD6-3421-BC80-E958A767C5AC}.Debug|Any CPU.ActiveCfg = Debug|Any CPU
		{F9BD9314-FAD6-3421-BC80-E958A767C5AC}.Debug|Any CPU.Build.0 = Debug|Any CPU
		{F9BD9314-FAD6-3421-BC80-E958A767C5AC}.Release|Any CPU.ActiveCfg = Release|Any CPU
		{F9BD9314-FAD6-3421-BC80-E958A767C5AC}.Release|Any CPU.Build.0 = Release|Any CPU
		{894A9B7B-AF83-275E-117A-A6BC0040563E}.Debug|Any CPU.ActiveCfg = Debug|Any CPU
		{894A9B7B-AF83-275E-117A-A6BC0040563E}.Debug|Any CPU.Build.0 = Debug|Any CPU
		{894A9B7B-AF83-275E-117A-A6BC0040563E}.Release|Any CPU.ActiveCfg = Release|Any CPU
		{894A9B7B-AF83-275E-117A-A6BC0040563E}.Release|Any CPU.Build.0 = Release|Any CPU
		{D99B92AF-9E53-419B-8C42-EAD2C4A08658}.Debug|Any CPU.ActiveCfg = Debug|Any CPU
		{D99B92AF-9E53-419B-8C42-EAD2C4A08658}.Debug|Any CPU.Build.0 = Debug|Any CPU
		{D99B92AF-9E53-419B-8C42-EAD2C4A08658}.Release|Any CPU.ActiveCfg = Release|Any CPU
		{D99B92AF-9E53-419B-8C42-EAD2C4A08658}.Release|Any CPU.Build.0 = Release|Any CPU
		{7BCB3282-E9FF-4A63-F955-66C5A1620FFE}.Debug|Any CPU.ActiveCfg = Debug|Any CPU
		{7BCB3282-E9FF-4A63-F955-66C5A1620FFE}.Debug|Any CPU.Build.0 = Debug|Any CPU
		{7BCB3282-E9FF-4A63-F955-66C5A1620FFE}.Release|Any CPU.ActiveCfg = Release|Any CPU
		{7BCB3282-E9FF-4A63-F955-66C5A1620FFE}.Release|Any CPU.Build.0 = Release|Any CPU
	EndGlobalSection
	GlobalSection(SolutionProperties) = preSolution
		HideSolutionNode = FALSE
	EndGlobalSection
	GlobalSection(ExtensibilityGlobals) = postSolution
		SolutionGuid = {014E742E-93C8-4153-830A-F9F7E848F9EE}
	EndGlobalSection
EndGlobal
